Microsoft Visual Studio Solution File, Format Version 12.00
# Visual Studio Version 16
VisualStudioVersion = 16.0.28917.181
MinimumVisualStudioVersion = 10.0.40219.1
Project("{FAE04EC0-301F-11D3-BF4B-00C04F79EFBC}") = "RuneWeaver", "RuneWeaver\RuneWeaver.csproj", "{4E193464-4566-4BB0-8EF1-3F6312FBF35A}"
EndProject
Project("{FAE04EC0-301F-11D3-BF4B-00C04F79EFBC}") = "FGECore", "FreneticGameEngine\FGECore\FGECore.csproj", "{C608FD6D-FB74-4A0B-AFFE-D24AC7DEB3E3}"
EndProject
Project("{FAE04EC0-301F-11D3-BF4B-00C04F79EFBC}") = "FGEGraphics", "FreneticGameEngine\FGEGraphics\FGEGraphics.csproj", "{CF20C1B4-C199-4D11-8053-ECF7D18B4B7B}"
EndProject
Project("{9A19103F-16F7-4668-BE54-9A1E7A4F7556}") = "FreneticUtilities", "FreneticUtilities\FreneticUtilities\FreneticUtilities.csproj", "{1DB47D6A-4225-4F25-8559-2C6292496953}"
EndProject
Global
	GlobalSection(SolutionConfigurationPlatforms) = preSolution
		Debug|Any CPU = Debug|Any CPU
		DebugNetCore|Any CPU = DebugNetCore|Any CPU
		Release|Any CPU = Release|Any CPU
		ReleaseNet461|Any CPU = ReleaseNet461|Any CPU
		ReleaseNetCore|Any CPU = ReleaseNetCore|Any CPU
	EndGlobalSection
	GlobalSection(ProjectConfigurationPlatforms) = postSolution
		{4E193464-4566-4BB0-8EF1-3F6312FBF35A}.Debug|Any CPU.ActiveCfg = Debug|Any CPU
		{4E193464-4566-4BB0-8EF1-3F6312FBF35A}.Debug|Any CPU.Build.0 = Debug|Any CPU
		{4E193464-4566-4BB0-8EF1-3F6312FBF35A}.DebugNetCore|Any CPU.ActiveCfg = Debug|Any CPU
		{4E193464-4566-4BB0-8EF1-3F6312FBF35A}.DebugNetCore|Any CPU.Build.0 = Debug|Any CPU
		{4E193464-4566-4BB0-8EF1-3F6312FBF35A}.Release|Any CPU.ActiveCfg = Release|Any CPU
		{4E193464-4566-4BB0-8EF1-3F6312FBF35A}.Release|Any CPU.Build.0 = Release|Any CPU
		{4E193464-4566-4BB0-8EF1-3F6312FBF35A}.ReleaseNet461|Any CPU.ActiveCfg = Release|Any CPU
		{4E193464-4566-4BB0-8EF1-3F6312FBF35A}.ReleaseNet461|Any CPU.Build.0 = Release|Any CPU
		{4E193464-4566-4BB0-8EF1-3F6312FBF35A}.ReleaseNetCore|Any CPU.ActiveCfg = Release|Any CPU
		{4E193464-4566-4BB0-8EF1-3F6312FBF35A}.ReleaseNetCore|Any CPU.Build.0 = Release|Any CPU
		{C608FD6D-FB74-4A0B-AFFE-D24AC7DEB3E3}.Debug|Any CPU.ActiveCfg = Debug|Any CPU
		{C608FD6D-FB74-4A0B-AFFE-D24AC7DEB3E3}.Debug|Any CPU.Build.0 = Debug|Any CPU
		{C608FD6D-FB74-4A0B-AFFE-D24AC7DEB3E3}.DebugNetCore|Any CPU.ActiveCfg = Debug|Any CPU
		{C608FD6D-FB74-4A0B-AFFE-D24AC7DEB3E3}.DebugNetCore|Any CPU.Build.0 = Debug|Any CPU
		{C608FD6D-FB74-4A0B-AFFE-D24AC7DEB3E3}.Release|Any CPU.ActiveCfg = Release|Any CPU
		{C608FD6D-FB74-4A0B-AFFE-D24AC7DEB3E3}.Release|Any CPU.Build.0 = Release|Any CPU
		{C608FD6D-FB74-4A0B-AFFE-D24AC7DEB3E3}.ReleaseNet461|Any CPU.ActiveCfg = Release|Any CPU
		{C608FD6D-FB74-4A0B-AFFE-D24AC7DEB3E3}.ReleaseNet461|Any CPU.Build.0 = Release|Any CPU
		{C608FD6D-FB74-4A0B-AFFE-D24AC7DEB3E3}.ReleaseNetCore|Any CPU.ActiveCfg = Release|Any CPU
		{C608FD6D-FB74-4A0B-AFFE-D24AC7DEB3E3}.ReleaseNetCore|Any CPU.Build.0 = Release|Any CPU
		{CF20C1B4-C199-4D11-8053-ECF7D18B4B7B}.Debug|Any CPU.ActiveCfg = Debug|Any CPU
		{CF20C1B4-C199-4D11-8053-ECF7D18B4B7B}.Debug|Any CPU.Build.0 = Debug|Any CPU
		{CF20C1B4-C199-4D11-8053-ECF7D18B4B7B}.DebugNetCore|Any CPU.ActiveCfg = Debug|Any CPU
		{CF20C1B4-C199-4D11-8053-ECF7D18B4B7B}.DebugNetCore|Any CPU.Build.0 = Debug|Any CPU
		{CF20C1B4-C199-4D11-8053-ECF7D18B4B7B}.Release|Any CPU.ActiveCfg = Release|Any CPU
		{CF20C1B4-C199-4D11-8053-ECF7D18B4B7B}.Release|Any CPU.Build.0 = Release|Any CPU
		{CF20C1B4-C199-4D11-8053-ECF7D18B4B7B}.ReleaseNet461|Any CPU.ActiveCfg = Release|Any CPU
		{CF20C1B4-C199-4D11-8053-ECF7D18B4B7B}.ReleaseNet461|Any CPU.Build.0 = Release|Any CPU
		{CF20C1B4-C199-4D11-8053-ECF7D18B4B7B}.ReleaseNetCore|Any CPU.ActiveCfg = Release|Any CPU
		{CF20C1B4-C199-4D11-8053-ECF7D18B4B7B}.ReleaseNetCore|Any CPU.Build.0 = Release|Any CPU
		{1DB47D6A-4225-4F25-8559-2C6292496953}.Debug|Any CPU.ActiveCfg = DebugNetCore|Any CPU
		{1DB47D6A-4225-4F25-8559-2C6292496953}.Debug|Any CPU.Build.0 = DebugNetCore|Any CPU
		{1DB47D6A-4225-4F25-8559-2C6292496953}.DebugNetCore|Any CPU.ActiveCfg = DebugNetCore|Any CPU
		{1DB47D6A-4225-4F25-8559-2C6292496953}.DebugNetCore|Any CPU.Build.0 = DebugNetCore|Any CPU
		{1DB47D6A-4225-4F25-8559-2C6292496953}.Release|Any CPU.ActiveCfg = ReleaseNet461|Any CPU
		{1DB47D6A-4225-4F25-8559-2C6292496953}.Release|Any CPU.Build.0 = ReleaseNet461|Any CPU
		{1DB47D6A-4225-4F25-8559-2C6292496953}.ReleaseNet461|Any CPU.ActiveCfg = ReleaseNet461|Any CPU
		{1DB47D6A-4225-4F25-8559-2C6292496953}.ReleaseNet461|Any CPU.Build.0 = ReleaseNet461|Any CPU
		{1DB47D6A-4225-4F25-8559-2C6292496953}.ReleaseNetCore|Any CPU.ActiveCfg = ReleaseNetCore|Any CPU
		{1DB47D6A-4225-4F25-8559-2C6292496953}.ReleaseNetCore|Any CPU.Build.0 = ReleaseNetCore|Any CPU
	EndGlobalSection
	GlobalSection(SolutionProperties) = preSolution
		HideSolutionNode = FALSE
	EndGlobalSection
	GlobalSection(ExtensibilityGlobals) = postSolution
		SolutionGuid = {F9FF5627-85E1-42DB-B93D-CE05855AF795}
	EndGlobalSection
EndGlobal
